<?xml version="1.0" encoding="utf-8"?>
<Project ToolsVersion="4.0" xmlns="http://schemas.microsoft.com/developer/msbuild/2003">
  <ItemGroup>
    <Filter Include="ソース ファイル">
      <UniqueIdentifier>{4FC737F1-C7A5-4376-A066-2A32D752A2FF}</UniqueIdentifier>
      <Extensions>cpp;c;cc;cxx;def;odl;idl;hpj;bat;asm;asmx</Extensions>
    </Filter>
    <Filter Include="ヘッダー ファイル">
      <UniqueIdentifier>{93995380-89BD-4b04-88EB-625FBE52EBFB}</UniqueIdentifier>
      <Extensions>h;hh;hpp;hxx;hm;inl;inc;xsd</Extensions>
    </Filter>
    <Filter Include="リソース ファイル">
      <UniqueIdentifier>{67DA6AB6-F800-4c08-8B7A-83BB121AAD01}</UniqueIdentifier>
      <Extensions>rc;ico;cur;bmp;dlg;rc2;rct;bin;rgs;gif;jpg;jpeg;jpe;resx;tiff;tif;png;wav;mfcribbon-ms</Extensions>
    </Filter>
    <Filter Include="ソース ファイル\TestCode">
      <UniqueIdentifier>{e6d71cf0-3fb4-4c44-8ebf-b9e40e07a5d9}</UniqueIdentifier>
    </Filter>
    <Filter Include="ソース ファイル\FakeCode">
      <UniqueIdentifier>{93ea749a-6104-461f-af0f-f4e6e2d52428}</UniqueIdentifier>
    </Filter>
    <Filter Include="ソース ファイル\SpyCode">
      <UniqueIdentifier>{367b6709-b73d-45ed-b4ee-68bc1eea5ada}</UniqueIdentifier>
    </Filter>
  </ItemGroup>
  <ItemGroup>
    <ClInclude Include="stdafx.h">
      <Filter>ヘッダー ファイル</Filter>
    </ClInclude>
    <ClInclude Include="targetver.h">
      <Filter>ヘッダー ファイル</Filter>
    </ClInclude>
    <ClInclude Include="LightControllerSpy.h">
      <Filter>ヘッダー ファイル</Filter>
    </ClInclude>
    <ClInclude Include="FakeTimeService.h">
      <Filter>ヘッダー ファイル</Filter>
    </ClInclude>
    <ClInclude Include="FakeRandomMinute.h">
      <Filter>ヘッダー ファイル</Filter>
    </ClInclude>
    <ClInclude Include="FormatOutputSpy.h">
      <Filter>ヘッダー ファイル</Filter>
    </ClInclude>
  </ItemGroup>
  <ItemGroup>
    <ClCompile Include="stdafx.cpp">
      <Filter>ソース ファイル</Filter>
    </ClCompile>
    <ClCompile Include="sample_unittest.cpp">
      <Filter>ソース ファイル\TestCode</Filter>
    </ClCompile>
    <ClCompile Include="TEST_FakeTimeService.cpp">
      <Filter>ソース ファイル\TestCode</Filter>
    </ClCompile>
    <ClCompile Include="TEST_FormatOutputSpy.cpp">
      <Filter>ソース ファイル\TestCode</Filter>
    </ClCompile>
    <ClCompile Include="TEST_LedDeiver.cpp">
      <Filter>ソース ファイル\TestCode</Filter>
    </ClCompile>
    <ClCompile Include="TEST_LightControllerSpy.cpp">
      <Filter>ソース ファイル\TestCode</Filter>
    </ClCompile>
    <ClCompile Include="TEST_LightSchedulerRandomize.cpp">
      <Filter>ソース ファイル\TestCode</Filter>
    </ClCompile>
    <ClCompile Include="TEST_LightSheduler.cpp">
      <Filter>ソース ファイル\TestCode</Filter>
    </ClCompile>
    <ClCompile Include="TEST_RandomMinute.cpp">
      <Filter>ソース ファイル\TestCode</Filter>
    </ClCompile>
    <ClCompile Include="FakeTimeService.cpp">
      <Filter>ソース ファイル\FakeCode</Filter>
    </ClCompile>
    <ClCompile Include="FakeRandomMinute.cpp">
      <Filter>ソース ファイル\FakeCode</Filter>
    </ClCompile>
    <ClCompile Include="LightControllerSpy.cpp">
      <Filter>ソース ファイル\SpyCode</Filter>
    </ClCompile>
    <ClCompile Include="FormatOutputSpy.cpp">
      <Filter>ソース ファイル\SpyCode</Filter>
    </ClCompile>
    <ClCompile Include="TEST_CircularBuffer.cpp">
      <Filter>ソース ファイル\TestCode</Filter>
    </ClCompile>
    <ClCompile Include="TEST_CircularBufferPrintTest.cpp">
      <Filter>ソース ファイル\TestCode</Filter>
    </ClCompile>
  </ItemGroup>
</Project>